
Microsoft Visual Studio Solution File, Format Version 12.00
# Visual Studio Version 16
VisualStudioVersion = 16.0.30907.101
MinimumVisualStudioVersion = 10.0.40219.1
Project("{FAE04EC0-301F-11D3-BF4B-00C04F79EFBC}") = "SnakesAndLadders V1", "SnakesAndLadders V1.csproj", "{695C966C-AE3A-498D-BC29-515FDDFEDBF4}"
EndProject
Global
	GlobalSection(SolutionConfigurationPlatforms) = preSolution
		Debug|Any CPU = Debug|Any CPU
		Release|Any CPU = Release|Any CPU
	EndGlobalSection
	GlobalSection(ProjectConfigurationPlatforms) = postSolution
		{695C966C-AE3A-498D-BC29-515FDDFEDBF4}.Debug|Any CPU.ActiveCfg = Debug|Any CPU
		{695C966C-AE3A-498D-BC29-515FDDFEDBF4}.Debug|Any CPU.Build.0 = Debug|Any CPU
		{695C966C-AE3A-498D-BC29-515FDDFEDBF4}.Release|Any CPU.ActiveCfg = Release|Any CPU
		{695C966C-AE3A-498D-BC29-515FDDFEDBF4}.Release|Any CPU.Build.0 = Release|Any CPU
	EndGlobalSection
	GlobalSection(SolutionProperties) = preSolution
		HideSolutionNode = FALSE
	EndGlobalSection
	GlobalSection(ExtensibilityGlobals) = postSolution
		SolutionGuid = {5E6E4994-E509-4D88-A04C-C5C11C190DD8}
	EndGlobalSection
EndGlobal
